{
  "name": "weather",
  "version": "1.0.0",
  "lockfileVersion": 1,
  "requires": true,
  "dependencies": {
    "translate.js": {
      "version": "1.2.7",
      "resolved": "https://registry.npmjs.org/translate.js/-/translate.js-1.2.7.tgz",
      "integrity": "sha512-oIhmsOPA4vFQD8Q9V1/1ZcccQYy2/ih3tgM8L9GRnJeRSFZAGehGBpGapIwRND0SxpGXfh8A35O4/vMJFhYC6Q=="
    }
  }
}
